// !$*UTF8*$!
{
	archiveVersion = 1;
	classes = {
	};
	objectVersion = 55;
	objects = {

/* Begin PBXBuildFile section */
		36D5F5702829B8D1002F759A /* WeatherDemoApp.swift in Sources */ = {isa = PBXBuildFile; fileRef = 36D5F56F2829B8D1002F759A /* WeatherDemoApp.swift */; };
		36D5F5722829B8D1002F759A /* ContentView.swift in Sources */ = {isa = PBXBuildFile; fileRef = 36D5F5712829B8D1002F759A /* ContentView.swift */; };
		36D5F5742829B8D2002F759A /* Assets.xcassets in Resources */ = {isa = PBXBuildFile; fileRef = 36D5F5732829B8D2002F759A /* Assets.xcassets */; };
		36D5F5772829B8D2002F759A /* Preview Assets.xcassets in Resources */ = {isa = PBXBuildFile; fileRef = 36D5F5762829B8D2002F759A /* Preview Assets.xcassets */; };
		36D5F5812829B8D2002F759A /* WeatherDemoTests.swift in Sources */ = {isa = PBXBuildFile; fileRef = 36D5F5802829B8D2002F759A /* WeatherDemoTests.swift */; };
		36D5F58B2829B8D2002F759A /* WeatherDemoUITests.swift in Sources */ = {isa = PBXBuildFile; fileRef = 36D5F58A2829B8D2002F759A /* WeatherDemoUITests.swift */; };
		36D5F58D2829B8D2002F759A /* WeatherDemoUITestsLaunchTests.swift in Sources */ = {isa = PBXBuildFile; fileRef = 36D5F58C2829B8D2002F759A /* WeatherDemoUITestsLaunchTests.swift */; };
		36D5F59B2829BB58002F759A /* LocationManager.swift in Sources */ = {isa = PBXBuildFile; fileRef = 36D5F59A2829BB58002F759A /* LocationManager.swift */; };
		36D5F59E282B0B27002F759A /* WelcomeView.swift in Sources */ = {isa = PBXBuildFile; fileRef = 36D5F59D282B0B27002F759A /* WelcomeView.swift */; };
		36D5F5A0282B11BD002F759A /* LoadingView.swift in Sources */ = {isa = PBXBuildFile; fileRef = 36D5F59F282B11BD002F759A /* LoadingView.swift */; };
		36D5F5A2282C5EB6002F759A /* WeatherManager.swift in Sources */ = {isa = PBXBuildFile; fileRef = 36D5F5A1282C5EB6002F759A /* WeatherManager.swift */; };
		36D5F5A4282CE136002F759A /* WeatherView.swift in Sources */ = {isa = PBXBuildFile; fileRef = 36D5F5A3282CE135002F759A /* WeatherView.swift */; };
		36D5F5A6282CE292002F759A /* ModelData.swift in Sources */ = {isa = PBXBuildFile; fileRef = 36D5F5A5282CE292002F759A /* ModelData.swift */; };
		36D5F5A8282CE2E0002F759A /* weatherData.json in Resources */ = {isa = PBXBuildFile; fileRef = 36D5F5A7282CE2E0002F759A /* weatherData.json */; };
		36D5F5AA282CE96D002F759A /* Extensions.swift in Sources */ = {isa = PBXBuildFile; fileRef = 36D5F5A9282CE96D002F759A /* Extensions.swift */; };
		36F895CC2830AF520068D180 /* WeatherRow.swift in Sources */ = {isa = PBXBuildFile; fileRef = 36F895CB2830AF520068D180 /* WeatherRow.swift */; };
/* End PBXBuildFile section */

/* Begin PBXContainerItemProxy section */
		36D5F57D2829B8D2002F759A /* PBXContainerItemProxy */ = {
			isa = PBXContainerItemProxy;
			containerPortal = 36D5F5642829B8D1002F759A /* Project object */;
			proxyType = 1;
			remoteGlobalIDString = 36D5F56B2829B8D1002F759A;
			remoteInfo = WeatherDemo;
		};
		36D5F5872829B8D2002F759A /* PBXContainerItemProxy */ = {
			isa = PBXContainerItemProxy;
			containerPortal = 36D5F5642829B8D1002F759A /* Project object */;
			proxyType = 1;
			remoteGlobalIDString = 36D5F56B2829B8D1002F759A;
			remoteInfo = WeatherDemo;
		};
/* End PBXContainerItemProxy section */

/* Begin PBXFileReference section */
		36D5F56C2829B8D1002F759A /* WeatherDemo.app */ = {isa = PBXFileReference; explicitFileType = wrapper.application; includeInIndex = 0; path = WeatherDemo.app; sourceTree = BUILT_PRODUCTS_DIR; };
		36D5F56F2829B8D1002F759A /* WeatherDemoApp.swift */ = {isa = PBXFileReference; lastKnownFileType = sourcecode.swift; path = WeatherDemoApp.swift; sourceTree = "<group>"; };
		36D5F5712829B8D1002F759A /* ContentView.swift */ = {isa = PBXFileReference; lastKnownFileType = sourcecode.swift; path = ContentView.swift; sourceTree = "<group>"; };
		36D5F5732829B8D2002F759A /* Assets.xcassets */ = {isa = PBXFileReference; lastKnownFileType = folder.assetcatalog; path = Assets.xcassets; sourceTree = "<group>"; };
		36D5F5762829B8D2002F759A /* Preview Assets.xcassets */ = {isa = PBXFileReference; lastKnownFileType = folder.assetcatalog; path = "Preview Assets.xcassets"; sourceTree = "<group>"; };
		36D5F57C2829B8D2002F759A /* WeatherDemoTests.xctest */ = {isa = PBXFileReference; explicitFileType = wrapper.cfbundle; includeInIndex = 0; path = WeatherDemoTests.xctest; sourceTree = BUILT_PRODUCTS_DIR; };
		36D5F5802829B8D2002F759A /* WeatherDemoTests.swift */ = {isa = PBXFileReference; lastKnownFileType = sourcecode.swift; path = WeatherDemoTests.swift; sourceTree = "<group>"; };
		36D5F5862829B8D2002F759A /* WeatherDemoUITests.xctest */ = {isa = PBXFileReference; explicitFileType = wrapper.cfbundle; includeInIndex = 0; path = WeatherDemoUITests.xctest; sourceTree = BUILT_PRODUCTS_DIR; };
		36D5F58A2829B8D2002F759A /* WeatherDemoUITests.swift */ = {isa = PBXFileReference; lastKnownFileType = sourcecode.swift; path = WeatherDemoUITests.swift; sourceTree = "<group>"; };
		36D5F58C2829B8D2002F759A /* WeatherDemoUITestsLaunchTests.swift */ = {isa = PBXFileReference; lastKnownFileType = sourcecode.swift; path = WeatherDemoUITestsLaunchTests.swift; sourceTree = "<group>"; };
		36D5F59A2829BB58002F759A /* LocationManager.swift */ = {isa = PBXFileReference; lastKnownFileType = sourcecode.swift; path = LocationManager.swift; sourceTree = "<group>"; };
		36D5F59D282B0B27002F759A /* WelcomeView.swift */ = {isa = PBXFileReference; lastKnownFileType = sourcecode.swift; path = WelcomeView.swift; sourceTree = "<group>"; };
		36D5F59F282B11BD002F759A /* LoadingView.swift */ = {isa = PBXFileReference; lastKnownFileType = sourcecode.swift; path = LoadingView.swift; sourceTree = "<group>"; };
		36D5F5A1282C5EB6002F759A /* WeatherManager.swift */ = {isa = PBXFileReference; lastKnownFileType = sourcecode.swift; path = WeatherManager.swift; sourceTree = "<group>"; };
		36D5F5A3282CE135002F759A /* WeatherView.swift */ = {isa = PBXFileReference; lastKnownFileType = sourcecode.swift; path = WeatherView.swift; sourceTree = "<group>"; };
		36D5F5A5282CE292002F759A /* ModelData.swift */ = {isa = PBXFileReference; lastKnownFileType = sourcecode.swift; path = ModelData.swift; sourceTree = "<group>"; };
		36D5F5A7282CE2E0002F759A /* weatherData.json */ = {isa = PBXFileReference; lastKnownFileType = text.json; path = weatherData.json; sourceTree = "<group>"; };
		36D5F5A9282CE96D002F759A /* Extensions.swift */ = {isa = PBXFileReference; lastKnownFileType = sourcecode.swift; path = Extensions.swift; sourceTree = "<group>"; };
		36F895CB2830AF520068D180 /* WeatherRow.swift */ = {isa = PBXFileReference; lastKnownFileType = sourcecode.swift; path = WeatherRow.swift; sourceTree = "<group>"; };
/* End PBXFileReference section */

/* Begin PBXFrameworksBuildPhase section */
		36D5F5692829B8D1002F759A /* Frameworks */ = {
			isa = PBXFrameworksBuildPhase;
			buildActionMask = 2147483647;
			files = (
			);
			runOnlyForDeploymentPostprocessing = 0;
		};
		36D5F5792829B8D2002F759A /* Frameworks */ = {
			isa = PBXFrameworksBuildPhase;
			buildActionMask = 2147483647;
			files = (
			);
			runOnlyForDeploymentPostprocessing = 0;
		};
		36D5F5832829B8D2002F759A /* Frameworks */ = {
			isa = PBXFrameworksBuildPhase;
			buildActionMask = 2147483647;
			files = (
			);
			runOnlyForDeploymentPostprocessing = 0;
		};
/* End PBXFrameworksBuildPhase section */

/* Begin PBXGroup section */
		36D5F5632829B8D1002F759A = {
			isa = PBXGroup;
			children = (
				36D5F56E2829B8D1002F759A /* WeatherDemo */,
				36D5F57F2829B8D2002F759A /* WeatherDemoTests */,
				36D5F5892829B8D2002F759A /* WeatherDemoUITests */,
				36D5F56D2829B8D1002F759A /* Products */,
			);
			sourceTree = "<group>";
		};
		36D5F56D2829B8D1002F759A /* Products */ = {
			isa = PBXGroup;
			children = (
				36D5F56C2829B8D1002F759A /* WeatherDemo.app */,
				36D5F57C2829B8D2002F759A /* WeatherDemoTests.xctest */,
				36D5F5862829B8D2002F759A /* WeatherDemoUITests.xctest */,
			);
			name = Products;
			sourceTree = "<group>";
		};
		36D5F56E2829B8D1002F759A /* WeatherDemo */ = {
			isa = PBXGroup;
			children = (
				36D5F59C282B0905002F759A /* Views */,
				36D5F56F2829B8D1002F759A /* WeatherDemoApp.swift */,
				36D5F5992829BB25002F759A /* Managers */,
				36F895CA2830AEFA0068D180 /* Components */,
				36D5F5752829B8D2002F759A /* Preview Content */,
				36D5F5A9282CE96D002F759A /* Extensions.swift */,
				36D5F5732829B8D2002F759A /* Assets.xcassets */,
			);
			path = WeatherDemo;
			sourceTree = "<group>";
		};
		36D5F5752829B8D2002F759A /* Preview Content */ = {
			isa = PBXGroup;
			children = (
				36D5F5762829B8D2002F759A /* Preview Assets.xcassets */,
				36D5F5A5282CE292002F759A /* ModelData.swift */,
				36D5F5A7282CE2E0002F759A /* weatherData.json */,
			);
			path = "Preview Content";
			sourceTree = "<group>";
		};
		36D5F57F2829B8D2002F759A /* WeatherDemoTests */ = {
			isa = PBXGroup;
			children = (
				36D5F5802829B8D2002F759A /* WeatherDemoTests.swift */,
			);
			path = WeatherDemoTests;
			sourceTree = "<group>";
		};
		36D5F5892829B8D2002F759A /* WeatherDemoUITests */ = {
			isa = PBXGroup;
			children = (
				36D5F58A2829B8D2002F759A /* WeatherDemoUITests.swift */,
				36D5F58C2829B8D2002F759A /* WeatherDemoUITestsLaunchTests.swift */,
			);
			path = WeatherDemoUITests;
			sourceTree = "<group>";
		};
		36D5F5992829BB25002F759A /* Managers */ = {
			isa = PBXGroup;
			children = (
				36D5F59A2829BB58002F759A /* LocationManager.swift */,
				36D5F5A1282C5EB6002F759A /* WeatherManager.swift */,
			);
			path = Managers;
			sourceTree = "<group>";
		};
		36D5F59C282B0905002F759A /* Views */ = {
			isa = PBXGroup;
			children = (
				36D5F5712829B8D1002F759A /* ContentView.swift */,
				36D5F59D282B0B27002F759A /* WelcomeView.swift */,
				36D5F59F282B11BD002F759A /* LoadingView.swift */,
				36D5F5A3282CE135002F759A /* WeatherView.swift */,
			);
			path = Views;
			sourceTree = "<group>";
		};
		36F895CA2830AEFA0068D180 /* Components */ = {
			isa = PBXGroup;
			children = (
				36F895CB2830AF520068D180 /* WeatherRow.swift */,
			);
			path = Components;
			sourceTree = "<group>";
		};
/* End PBXGroup section */

/* Begin PBXNativeTarget section */
		36D5F56B2829B8D1002F759A /* WeatherDemo */ = {
			isa = PBXNativeTarget;
			buildConfigurationList = 36D5F5902829B8D2002F759A /* Build configuration list for PBXNativeTarget "WeatherDemo" */;
			buildPhases = (
				36D5F5682829B8D1002F759A /* Sources */,
				36D5F5692829B8D1002F759A /* Frameworks */,
				36D5F56A2829B8D1002F759A /* Resources */,
			);
			buildRules = (
			);
			dependencies = (
			);
			name = WeatherDemo;
			productName = WeatherDemo;
			productReference = 36D5F56C2829B8D1002F759A /* WeatherDemo.app */;
			productType = "com.apple.product-type.application";
		};
		36D5F57B2829B8D2002F759A /* WeatherDemoTests */ = {
			isa = PBXNativeTarget;
			buildConfigurationList = 36D5F5932829B8D2002F759A /* Build configuration list for PBXNativeTarget "WeatherDemoTests" */;
			buildPhases = (
				36D5F5782829B8D2002F759A /* Sources */,
				36D5F5792829B8D2002F759A /* Frameworks */,
				36D5F57A2829B8D2002F759A /* Resources */,
			);
			buildRules = (
			);
			dependencies = (
				36D5F57E2829B8D2002F759A /* PBXTargetDependency */,
			);
			name = WeatherDemoTests;
			productName = WeatherDemoTests;
			productReference = 36D5F57C2829B8D2002F759A /* WeatherDemoTests.xctest */;
			productType = "com.apple.product-type.bundle.unit-test";
		};
		36D5F5852829B8D2002F759A /* WeatherDemoUITests */ = {
			isa = PBXNativeTarget;
			buildConfigurationList = 36D5F5962829B8D2002F759A /* Build configuration list for PBXNativeTarget "WeatherDemoUITests" */;
			buildPhases = (
				36D5F5822829B8D2002F759A /* Sources */,
				36D5F5832829B8D2002F759A /* Frameworks */,
				36D5F5842829B8D2002F759A /* Resources */,
			);
			buildRules = (
			);
			dependencies = (
				36D5F5882829B8D2002F759A /* PBXTargetDependency */,
			);
			name = WeatherDemoUITests;
			productName = WeatherDemoUITests;
			productReference = 36D5F5862829B8D2002F759A /* WeatherDemoUITests.xctest */;
			productType = "com.apple.product-type.bundle.ui-testing";
		};
/* End PBXNativeTarget section */

/* Begin PBXProject section */
		36D5F5642829B8D1002F759A /* Project object */ = {
			isa = PBXProject;
			attributes = {
				BuildIndependentTargetsInParallel = 1;
				LastSwiftUpdateCheck = 1330;
				LastUpgradeCheck = 1330;
				TargetAttributes = {
					36D5F56B2829B8D1002F759A = {
						CreatedOnToolsVersion = 13.3.1;
					};
					36D5F57B2829B8D2002F759A = {
						CreatedOnToolsVersion = 13.3.1;
						TestTargetID = 36D5F56B2829B8D1002F759A;
					};
					36D5F5852829B8D2002F759A = {
						CreatedOnToolsVersion = 13.3.1;
						TestTargetID = 36D5F56B2829B8D1002F759A;
					};
				};
			};
			buildConfigurationList = 36D5F5672829B8D1002F759A /* Build configuration list for PBXProject "WeatherDemo" */;
			compatibilityVersion = "Xcode 13.0";
			developmentRegion = en;
			hasScannedForEncodings = 0;
			knownRegions = (
				en,
				Base,
			);
			mainGroup = 36D5F5632829B8D1002F759A;
			productRefGroup = 36D5F56D2829B8D1002F759A /* Products */;
			projectDirPath = "";
			projectRoot = "";
			targets = (
				36D5F56B2829B8D1002F759A /* WeatherDemo */,
				36D5F57B2829B8D2002F759A /* WeatherDemoTests */,
				36D5F5852829B8D2002F759A /* WeatherDemoUITests */,
			);
		};
/* End PBXProject section */

/* Begin PBXResourcesBuildPhase section */
		36D5F56A2829B8D1002F759A /* Resources */ = {
			isa = PBXResourcesBuildPhase;
			buildActionMask = 2147483647;
			files = (
				36D5F5772829B8D2002F759A /* Preview Assets.xcassets in Resources */,
				36D5F5A8282CE2E0002F759A /* weatherData.json in Resources */,
				36D5F5742829B8D2002F759A /* Assets.xcassets in Resources */,
			);
			runOnlyForDeploymentPostprocessing = 0;
		};
		36D5F57A2829B8D2002F759A /* Resources */ = {
			isa = PBXResourcesBuildPhase;
			buildActionMask = 2147483647;
			files = (
			);
			runOnlyForDeploymentPostprocessing = 0;
		};
		36D5F5842829B8D2002F759A /* Resources */ = {
			isa = PBXResourcesBuildPhase;
			buildActionMask = 2147483647;
			files = (
			);
			runOnlyForDeploymentPostprocessing = 0;
		};
/* End PBXResourcesBuildPhase section */

/* Begin PBXSourcesBuildPhase section */
		36D5F5682829B8D1002F759A /* Sources */ = {
			isa = PBXSourcesBuildPhase;
			buildActionMask = 2147483647;
			files = (
				36D5F5A2282C5EB6002F759A /* WeatherManager.swift in Sources */,
				36D5F5AA282CE96D002F759A /* Extensions.swift in Sources */,
				36D5F5722829B8D1002F759A /* ContentView.swift in Sources */,
				36D5F5702829B8D1002F759A /* WeatherDemoApp.swift in Sources */,
				36D5F59B2829BB58002F759A /* LocationManager.swift in Sources */,
				36F895CC2830AF520068D180 /* WeatherRow.swift in Sources */,
				36D5F5A0282B11BD002F759A /* LoadingView.swift in Sources */,
				36D5F5A6282CE292002F759A /* ModelData.swift in Sources */,
				36D5F5A4282CE136002F759A /* WeatherView.swift in Sources */,
				36D5F59E282B0B27002F759A /* WelcomeView.swift in Sources */,
			);
			runOnlyForDeploymentPostprocessing = 0;
		};
		36D5F5782829B8D2002F759A /* Sources */ = {
			isa = PBXSourcesBuildPhase;
			buildActionMask = 2147483647;
			files = (
				36D5F5812829B8D2002F759A /* WeatherDemoTests.swift in Sources */,
			);
			runOnlyForDeploymentPostprocessing = 0;
		};
		36D5F5822829B8D2002F759A /* Sources */ = {
			isa = PBXSourcesBuildPhase;
			buildActionMask = 2147483647;
			files = (
				36D5F58D2829B8D2002F759A /* WeatherDemoUITestsLaunchTests.swift in Sources */,
				36D5F58B2829B8D2002F759A /* WeatherDemoUITests.swift in Sources */,
			);
			runOnlyForDeploymentPostprocessing = 0;
		};
/* End PBXSourcesBuildPhase section */

/* Begin PBXTargetDependency section */
		36D5F57E2829B8D2002F759A /* PBXTargetDependency */ = {
			isa = PBXTargetDependency;
			target = 36D5F56B2829B8D1002F759A /* WeatherDemo */;
			targetProxy = 36D5F57D2829B8D2002F759A /* PBXContainerItemProxy */;
		};
		36D5F5882829B8D2002F759A /* PBXTargetDependency */ = {
			isa = PBXTargetDependency;
			target = 36D5F56B2829B8D1002F759A /* WeatherDemo */;
			targetProxy = 36D5F5872829B8D2002F759A /* PBXContainerItemProxy */;
		};
/* End PBXTargetDependency section */

/* Begin XCBuildConfiguration section */
		36D5F58E2829B8D2002F759A /* Debug */ = {
			isa = XCBuildConfiguration;
			buildSettings = {
				ALWAYS_SEARCH_USER_PATHS = NO;
				CLANG_ANALYZER_NONNULL = YES;
				CLANG_ANALYZER_NUMBER_OBJECT_CONVERSION = YES_AGGRESSIVE;
				CLANG_CXX_LANGUAGE_STANDARD = "gnu++17";
				CLANG_ENABLE_MODULES = YES;
				CLANG_ENABLE_OBJC_ARC = YES;
				CLANG_ENABLE_OBJC_WEAK = YES;
				CLANG_WARN_BLOCK_CAPTURE_AUTORELEASING = YES;
				CLANG_WARN_BOOL_CONVERSION = YES;
				CLANG_WARN_COMMA = YES;
				CLANG_WARN_CONSTANT_CONVERSION = YES;
				CLANG_WARN_DEPRECATED_OBJC_IMPLEMENTATIONS = YES;
				CLANG_WARN_DIRECT_OBJC_ISA_USAGE = YES_ERROR;
				CLANG_WARN_DOCUMENTATION_COMMENTS = YES;
				CLANG_WARN_EMPTY_BODY = YES;
				CLANG_WARN_ENUM_CONVERSION = YES;
				CLANG_WARN_INFINITE_RECURSION = YES;
				CLANG_WARN_INT_CONVERSION = YES;
				CLANG_WARN_NON_LITERAL_NULL_CONVERSION = YES;
				CLANG_WARN_OBJC_IMPLICIT_RETAIN_SELF = YES;
				CLANG_WARN_OBJC_LITERAL_CONVERSION = YES;
				CLANG_WARN_OBJC_ROOT_CLASS = YES_ERROR;
				CLANG_WARN_QUOTED_INCLUDE_IN_FRAMEWORK_HEADER = YES;
				CLANG_WARN_RANGE_LOOP_ANALYSIS = YES;
				CLANG_WARN_STRICT_PROTOTYPES = YES;
				CLANG_WARN_SUSPICIOUS_MOVE = YES;
				CLANG_WARN_UNGUARDED_AVAILABILITY = YES_AGGRESSIVE;
				CLANG_WARN_UNREACHABLE_CODE = YES;
				CLANG_WARN__DUPLICATE_METHOD_MATCH = YES;
				COPY_PHASE_STRIP = NO;
				DEBUG_INFORMATION_FORMAT = dwarf;
				ENABLE_STRICT_OBJC_MSGSEND = YES;
				ENABLE_TESTABILITY = YES;
				GCC_C_LANGUAGE_STANDARD = gnu11;
				GCC_DYNAMIC_NO_PIC = NO;
				GCC_NO_COMMON_BLOCKS = YES;
				GCC_OPTIMIZATION_LEVEL = 0;
				GCC_PREPROCESSOR_DEFINITIONS = (
					"DEBUG=1",
					"$(inherited)",
				);
				GCC_WARN_64_TO_32_BIT_CONVERSION = YES;
				GCC_WARN_ABOUT_RETURN_TYPE = YES_ERROR;
				GCC_WARN_UNDECLARED_SELECTOR = YES;
				GCC_WARN_UNINITIALIZED_AUTOS = YES_AGGRESSIVE;
				GCC_WARN_UNUSED_FUNCTION = YES;
				GCC_WARN_UNUSED_VARIABLE = YES;
				IPHONEOS_DEPLOYMENT_TARGET = 15.4;
				MTL_ENABLE_DEBUG_INFO = INCLUDE_SOURCE;
				MTL_FAST_MATH = YES;
				ONLY_ACTIVE_ARCH = YES;
				SDKROOT = iphoneos;
				SWIFT_ACTIVE_COMPILATION_CONDITIONS = DEBUG;
				SWIFT_OPTIMIZATION_LEVEL = "-Onone";
			};
			name = Debug;
		};
		36D5F58F2829B8D2002F759A /* Release */ = {
			isa = XCBuildConfiguration;
			buildSettings = {
				ALWAYS_SEARCH_USER_PATHS = NO;
				CLANG_ANALYZER_NONNULL = YES;
				CLANG_ANALYZER_NUMBER_OBJECT_CONVERSION = YES_AGGRESSIVE;
				CLANG_CXX_LANGUAGE_STANDARD = "gnu++17";
				CLANG_ENABLE_MODULES = YES;
				CLANG_ENABLE_OBJC_ARC = YES;
				CLANG_ENABLE_OBJC_WEAK = YES;
				CLANG_WARN_BLOCK_CAPTURE_AUTORELEASING = YES;
				CLANG_WARN_BOOL_CONVERSION = YES;
				CLANG_WARN_COMMA = YES;
				CLANG_WARN_CONSTANT_CONVERSION = YES;
				CLANG_WARN_DEPRECATED_OBJC_IMPLEMENTATIONS = YES;
				CLANG_WARN_DIRECT_OBJC_ISA_USAGE = YES_ERROR;
				CLANG_WARN_DOCUMENTATION_COMMENTS = YES;
				CLANG_WARN_EMPTY_BODY = YES;
				CLANG_WARN_ENUM_CONVERSION = YES;
				CLANG_WARN_INFINITE_RECURSION = YES;
				CLANG_WARN_INT_CONVERSION = YES;
				CLANG_WARN_NON_LITERAL_NULL_CONVERSION = YES;
				CLANG_WARN_OBJC_IMPLICIT_RETAIN_SELF = YES;
				CLANG_WARN_OBJC_LITERAL_CONVERSION = YES;
				CLANG_WARN_OBJC_ROOT_CLASS = YES_ERROR;
				CLANG_WARN_QUOTED_INCLUDE_IN_FRAMEWORK_HEADER = YES;
				CLANG_WARN_RANGE_LOOP_ANALYSIS = YES;
				CLANG_WARN_STRICT_PROTOTYPES = YES;
				CLANG_WARN_SUSPICIOUS_MOVE = YES;
				CLANG_WARN_UNGUARDED_AVAILABILITY = YES_AGGRESSIVE;
				CLANG_WARN_UNREACHABLE_CODE = YES;
				CLANG_WARN__DUPLICATE_METHOD_MATCH = YES;
				COPY_PHASE_STRIP = NO;
				DEBUG_INFORMATION_FORMAT = "dwarf-with-dsym";
				ENABLE_NS_ASSERTIONS = NO;
				ENABLE_STRICT_OBJC_MSGSEND = YES;
				GCC_C_LANGUAGE_STANDARD = gnu11;
				GCC_NO_COMMON_BLOCKS = YES;
				GCC_WARN_64_TO_32_BIT_CONVERSION = YES;
				GCC_WARN_ABOUT_RETURN_TYPE = YES_ERROR;
				GCC_WARN_UNDECLARED_SELECTOR = YES;
				GCC_WARN_UNINITIALIZED_AUTOS = YES_AGGRESSIVE;
				GCC_WARN_UNUSED_FUNCTION = YES;
				GCC_WARN_UNUSED_VARIABLE = YES;
				IPHONEOS_DEPLOYMENT_TARGET = 15.4;
				MTL_ENABLE_DEBUG_INFO = NO;
				MTL_FAST_MATH = YES;
				SDKROOT = iphoneos;
				SWIFT_COMPILATION_MODE = wholemodule;
				SWIFT_OPTIMIZATION_LEVEL = "-O";
				VALIDATE_PRODUCT = YES;
			};
			name = Release;
		};
		36D5F5912829B8D2002F759A /* Debug */ = {
			isa = XCBuildConfiguration;
			buildSettings = {
				ASSETCATALOG_COMPILER_APPICON_NAME = AppIcon;
				ASSETCATALOG_COMPILER_GLOBAL_ACCENT_COLOR_NAME = AccentColor;
				CODE_SIGN_STYLE = Automatic;
				CURRENT_PROJECT_VERSION = 1;
				DEVELOPMENT_ASSET_PATHS = "\"WeatherDemo/Preview Content\"";
				DEVELOPMENT_TEAM = 4AH9R5T76U;
				ENABLE_PREVIEWS = YES;
				GENERATE_INFOPLIST_FILE = YES;
				INFOPLIST_KEY_UIApplicationSceneManifest_Generation = YES;
				INFOPLIST_KEY_UIApplicationSupportsIndirectInputEvents = YES;
				INFOPLIST_KEY_UILaunchScreen_Generation = YES;
				INFOPLIST_KEY_UISupportedInterfaceOrientations_iPad = "UIInterfaceOrientationPortrait UIInterfaceOrientationPortraitUpsideDown UIInterfaceOrientationLandscapeLeft UIInterfaceOrientationLandscapeRight";
				INFOPLIST_KEY_UISupportedInterfaceOrientations_iPhone = "UIInterfaceOrientationPortrait UIInterfaceOrientationLandscapeLeft UIInterfaceOrientationLandscapeRight";
				IPHONEOS_DEPLOYMENT_TARGET = 15.0;
				LD_RUNPATH_SEARCH_PATHS = (
					"$(inherited)",
					"@executable_path/Frameworks",
				);
				MARKETING_VERSION = 1.0;
				PRODUCT_BUNDLE_IDENTIFIER = HybrSpace.WeatherDemo;
				PRODUCT_NAME = "$(TARGET_NAME)";
				SWIFT_EMIT_LOC_STRINGS = YES;
				SWIFT_VERSION = 5.0;
				TARGETED_DEVICE_FAMILY = "1,2";
			};
			name = Debug;
		};
		36D5F5922829B8D2002F759A /* Release */ = {
			isa = XCBuildConfiguration;
			buildSettings = {
				ASSETCATALOG_COMPILER_APPICON_NAME = AppIcon;
				ASSETCATALOG_COMPILER_GLOBAL_ACCENT_COLOR_NAME = AccentColor;
				CODE_SIGN_STYLE = Automatic;
				CURRENT_PROJECT_VERSION = 1;
				DEVELOPMENT_ASSET_PATHS = "\"WeatherDemo/Preview Content\"";
				DEVELOPMENT_TEAM = 4AH9R5T76U;
				ENABLE_PREVIEWS = YES;
				GENERATE_INFOPLIST_FILE = YES;
				INFOPLIST_KEY_UIApplicationSceneManifest_Generation = YES;
				INFOPLIST_KEY_UIApplicationSupportsIndirectInputEvents = YES;
				INFOPLIST_KEY_UILaunchScreen_Generation = YES;
				INFOPLIST_KEY_UISupportedInterfaceOrientations_iPad = "UIInterfaceOrientationPortrait UIInterfaceOrientationPortraitUpsideDown UIInterfaceOrientationLandscapeLeft UIInterfaceOrientationLandscapeRight";
				INFOPLIST_KEY_UISupportedInterfaceOrientations_iPhone = "UIInterfaceOrientationPortrait UIInterfaceOrientationLandscapeLeft UIInterfaceOrientationLandscapeRight";
				IPHONEOS_DEPLOYMENT_TARGET = 15.0;
				LD_RUNPATH_SEARCH_PATHS = (
					"$(inherited)",
					"@executable_path/Frameworks",
				);
				MARKETING_VERSION = 1.0;
				PRODUCT_BUNDLE_IDENTIFIER = HybrSpace.WeatherDemo;
				PRODUCT_NAME = "$(TARGET_NAME)";
				SWIFT_EMIT_LOC_STRINGS = YES;
				SWIFT_VERSION = 5.0;
				TARGETED_DEVICE_FAMILY = "1,2";
			};
			name = Release;
		};
		36D5F5942829B8D2002F759A /* Debug */ = {
			isa = XCBuildConfiguration;
			buildSettings = {
				ALWAYS_EMBED_SWIFT_STANDARD_LIBRARIES = YES;
				BUNDLE_LOADER = "$(TEST_HOST)";
				CODE_SIGN_STYLE = Automatic;
				CURRENT_PROJECT_VERSION = 1;
				GENERATE_INFOPLIST_FILE = YES;
				IPHONEOS_DEPLOYMENT_TARGET = 15.4;
				MARKETING_VERSION = 1.0;
				PRODUCT_BUNDLE_IDENTIFIER = HybrSpace.WeatherDemoTests;
				PRODUCT_NAME = "$(TARGET_NAME)";
				SWIFT_EMIT_LOC_STRINGS = NO;
				SWIFT_VERSION = 5.0;
				TARGETED_DEVICE_FAMILY = "1,2";
				TEST_HOST = "$(BUILT_PRODUCTS_DIR)/WeatherDemo.app/WeatherDemo";
			};
			name = Debug;
		};
		36D5F5952829B8D2002F759A /* Release */ = {
			isa = XCBuildConfiguration;
			buildSettings = {
				ALWAYS_EMBED_SWIFT_STANDARD_LIBRARIES = YES;
				BUNDLE_LOADER = "$(TEST_HOST)";
				CODE_SIGN_STYLE = Automatic;
				CURRENT_PROJECT_VERSION = 1;
				GENERATE_INFOPLIST_FILE = YES;
				IPHONEOS_DEPLOYMENT_TARGET = 15.4;
				MARKETING_VERSION = 1.0;
				PRODUCT_BUNDLE_IDENTIFIER = HybrSpace.WeatherDemoTests;
				PRODUCT_NAME = "$(TARGET_NAME)";
				SWIFT_EMIT_LOC_STRINGS = NO;
				SWIFT_VERSION = 5.0;
				TARGETED_DEVICE_FAMILY = "1,2";
				TEST_HOST = "$(BUILT_PRODUCTS_DIR)/WeatherDemo.app/WeatherDemo";
			};
			name = Release;
		};
		36D5F5972829B8D2002F759A /* Debug */ = {
			isa = XCBuildConfiguration;
			buildSettings = {
				ALWAYS_EMBED_SWIFT_STANDARD_LIBRARIES = YES;
				CODE_SIGN_STYLE = Automatic;
				CURRENT_PROJECT_VERSION = 1;
				GENERATE_INFOPLIST_FILE = YES;
				MARKETING_VERSION = 1.0;
				PRODUCT_BUNDLE_IDENTIFIER = HybrSpace.WeatherDemoUITests;
				PRODUCT_NAME = "$(TARGET_NAME)";
				SWIFT_EMIT_LOC_STRINGS = NO;
				SWIFT_VERSION = 5.0;
				TARGETED_DEVICE_FAMILY = "1,2";
				TEST_TARGET_NAME = WeatherDemo;
			};
			name = Debug;
		};
		36D5F5982829B8D2002F759A /* Release */ = {
			isa = XCBuildConfiguration;
			buildSettings = {
				ALWAYS_EMBED_SWIFT_STANDARD_LIBRARIES = YES;
				CODE_SIGN_STYLE = Automatic;
				CURRENT_PROJECT_VERSION = 1;
				GENERATE_INFOPLIST_FILE = YES;
				MARKETING_VERSION = 1.0;
				PRODUCT_BUNDLE_IDENTIFIER = HybrSpace.WeatherDemoUITests;
				PRODUCT_NAME = "$(TARGET_NAME)";
				SWIFT_EMIT_LOC_STRINGS = NO;
				SWIFT_VERSION = 5.0;
				TARGETED_DEVICE_FAMILY = "1,2";
				TEST_TARGET_NAME = WeatherDemo;
			};
			name = Release;
		};
/* End XCBuildConfiguration section */

/* Begin XCConfigurationList section */
		36D5F5672829B8D1002F759A /* Build configuration list for PBXProject "WeatherDemo" */ = {
			isa = XCConfigurationList;
			buildConfigurations = (
				36D5F58E2829B8D2002F759A /* Debug */,
				36D5F58F2829B8D2002F759A /* Release */,
			);
			defaultConfigurationIsVisible = 0;
			defaultConfigurationName = Release;
		};
		36D5F5902829B8D2002F759A /* Build configuration list for PBXNativeTarget "WeatherDemo" */ = {
			isa = XCConfigurationList;
			buildConfigurations = (
				36D5F5912829B8D2002F759A /* Debug */,
				36D5F5922829B8D2002F759A /* Release */,
			);
			defaultConfigurationIsVisible = 0;
			defaultConfigurationName = Release;
		};
		36D5F5932829B8D2002F759A /* Build configuration list for PBXNativeTarget "WeatherDemoTests" */ = {
			isa = XCConfigurationList;
			buildConfigurations = (
				36D5F5942829B8D2002F759A /* Debug */,
				36D5F5952829B8D2002F759A /* Release */,
			);
			defaultConfigurationIsVisible = 0;
			defaultConfigurationName = Release;
		};
		36D5F5962829B8D2002F759A /* Build configuration list for PBXNativeTarget "WeatherDemoUITests" */ = {
			isa = XCConfigurationList;
			buildConfigurations = (
				36D5F5972829B8D2002F759A /* Debug */,
				36D5F5982829B8D2002F759A /* Release */,
			);
			defaultConfigurationIsVisible = 0;
			defaultConfigurationName = Release;
		};
/* End XCConfigurationList section */
	};
	rootObject = 36D5F5642829B8D1002F759A /* Project object */;
}
